
Microsoft Visual Studio Solution File, Format Version 12.00
# Visual Studio Version 17
VisualStudioVersion = 17.9.34622.214
MinimumVisualStudioVersion = 10.0.40219.1
Project("{FAE04EC0-301F-11D3-BF4B-00C04F79EFBC}") = "6. collections", "6. collections.csproj", "{1400C43B-2207-4329-8BCE-6B47CB3895CD}"
EndProject
Global
	GlobalSection(SolutionConfigurationPlatforms) = preSolution
		Debug|Any CPU = Debug|Any CPU
		Release|Any CPU = Release|Any CPU
	EndGlobalSection
	GlobalSection(ProjectConfigurationPlatforms) = postSolution
		{1400C43B-2207-4329-8BCE-6B47CB3895CD}.Debug|Any CPU.ActiveCfg = Debug|Any CPU
		{1400C43B-2207-4329-8BCE-6B47CB3895CD}.Debug|Any CPU.Build.0 = Debug|Any CPU
		{1400C43B-2207-4329-8BCE-6B47CB3895CD}.Release|Any CPU.ActiveCfg = Release|Any CPU
		{1400C43B-2207-4329-8BCE-6B47CB3895CD}.Release|Any CPU.Build.0 = Release|Any CPU
	EndGlobalSection
	GlobalSection(SolutionProperties) = preSolution
		HideSolutionNode = FALSE
	EndGlobalSection
	GlobalSection(ExtensibilityGlobals) = postSolution
		SolutionGuid = {886C26B5-5C5A-47A5-9071-6F0B63B31064}
	EndGlobalSection
EndGlobal
